{
  "name": "ekvator",
  "version": "1.0.0",
  "lockfileVersion": 1,
  "requires": true,
  "dependencies": {
    "prettier": {
      "version": "1.19.1",
      "resolved": "https://registry.npmjs.org/prettier/-/prettier-1.19.1.tgz",
      "integrity": "sha512-s7PoyDv/II1ObgQunCbB9PdLmUcBZcnWOcxDh7O0N/UwDEsHyqkW+Qh28jW+mVuCdx7gLB0BotYI1Y6uI9iyew==",
      "dev": true
    },
    "spotlight.js": {
      "version": "0.6.5",
      "resolved": "https://registry.npmjs.org/spotlight.js/-/spotlight.js-0.6.5.tgz",
      "integrity": "sha512-wOQNo1HD1O3tZWLk4UlIbVQtQSiDCdlFZ3wZdblFBka+rDek8PlJfFW3uuiDsfjAultiTPm5YEviC6O9++YNeQ=="
    }
  }
}
